// !$*UTF8*$!
{
	archiveVersion = 1;
	classes = {
	};
	objectVersion = 46;
	objects = {

/* Begin PBXBuildFile section */
		FB9157EB1ADDC614009D0CD7 /* main.m in Sources */ = {isa = PBXBuildFile; fileRef = FB9157EA1ADDC614009D0CD7 /* main.m */; };
		FB9157EE1ADDC614009D0CD7 /* AppDelegate.m in Sources */ = {isa = PBXBuildFile; fileRef = FB9157ED1ADDC614009D0CD7 /* AppDelegate.m */; };
		FB9157F11ADDC614009D0CD7 /* ViewController.m in Sources */ = {isa = PBXBuildFile; fileRef = FB9157F01ADDC614009D0CD7 /* ViewController.m */; };
		FB9157F41ADDC614009D0CD7 /* Main.storyboard in Resources */ = {isa = PBXBuildFile; fileRef = FB9157F21ADDC614009D0CD7 /* Main.storyboard */; };
		FB9157F61ADDC614009D0CD7 /* Images.xcassets in Resources */ = {isa = PBXBuildFile; fileRef = FB9157F51ADDC614009D0CD7 /* Images.xcassets */; };
		FB9157F91ADDC614009D0CD7 /* LaunchScreen.xib in Resources */ = {isa = PBXBuildFile; fileRef = FB9157F71ADDC614009D0CD7 /* LaunchScreen.xib */; };
		FB9158051ADDC614009D0CD7 /* ProyectoFinalTests.m in Sources */ = {isa = PBXBuildFile; fileRef = FB9158041ADDC614009D0CD7 /* ProyectoFinalTests.m */; };
		FB91580F1ADDC73B009D0CD7 /* JugarViewController.m in Sources */ = {isa = PBXBuildFile; fileRef = FB91580E1ADDC73B009D0CD7 /* JugarViewController.m */; };
		FB9158131ADDC74C009D0CD7 /* Property List.plist in Resources */ = {isa = PBXBuildFile; fileRef = FB9158101ADDC74C009D0CD7 /* Property List.plist */; };
		FB9158141ADDC74C009D0CD7 /* ProyectoFinal.xcdatamodeld in Sources */ = {isa = PBXBuildFile; fileRef = FB9158111ADDC74C009D0CD7 /* ProyectoFinal.xcdatamodeld */; };
/* End PBXBuildFile section */

/* Begin PBXContainerItemProxy section */
		FB9157FF1ADDC614009D0CD7 /* PBXContainerItemProxy */ = {
			isa = PBXContainerItemProxy;
			containerPortal = FB9157DD1ADDC614009D0CD7 /* Project object */;
			proxyType = 1;
			remoteGlobalIDString = FB9157E41ADDC614009D0CD7;
			remoteInfo = ProyectoFinal;
		};
/* End PBXContainerItemProxy section */

/* Begin PBXFileReference section */
		FB9157E51ADDC614009D0CD7 /* ProyectoFinal.app */ = {isa = PBXFileReference; explicitFileType = wrapper.application; includeInIndex = 0; path = ProyectoFinal.app; sourceTree = BUILT_PRODUCTS_DIR; };
		FB9157E91ADDC614009D0CD7 /* Info.plist */ = {isa = PBXFileReference; lastKnownFileType = text.plist.xml; path = Info.plist; sourceTree = "<group>"; };
		FB9157EA1ADDC614009D0CD7 /* main.m */ = {isa = PBXFileReference; lastKnownFileType = sourcecode.c.objc; path = main.m; sourceTree = "<group>"; };
		FB9157EC1ADDC614009D0CD7 /* AppDelegate.h */ = {isa = PBXFileReference; lastKnownFileType = sourcecode.c.h; path = AppDelegate.h; sourceTree = "<group>"; };
		FB9157ED1ADDC614009D0CD7 /* AppDelegate.m */ = {isa = PBXFileReference; lastKnownFileType = sourcecode.c.objc; path = AppDelegate.m; sourceTree = "<group>"; };
		FB9157EF1ADDC614009D0CD7 /* ViewController.h */ = {isa = PBXFileReference; lastKnownFileType = sourcecode.c.h; path = ViewController.h; sourceTree = "<group>"; };
		FB9157F01ADDC614009D0CD7 /* ViewController.m */ = {isa = PBXFileReference; lastKnownFileType = sourcecode.c.objc; path = ViewController.m; sourceTree = "<group>"; };
		FB9157F31ADDC614009D0CD7 /* Base */ = {isa = PBXFileReference; lastKnownFileType = file.storyboard; name = Base; path = Base.lproj/Main.storyboard; sourceTree = "<group>"; };
		FB9157F51ADDC614009D0CD7 /* Images.xcassets */ = {isa = PBXFileReference; lastKnownFileType = folder.assetcatalog; path = Images.xcassets; sourceTree = "<group>"; };
		FB9157F81ADDC614009D0CD7 /* Base */ = {isa = PBXFileReference; lastKnownFileType = file.xib; name = Base; path = Base.lproj/LaunchScreen.xib; sourceTree = "<group>"; };
		FB9157FE1ADDC614009D0CD7 /* ProyectoFinalTests.xctest */ = {isa = PBXFileReference; explicitFileType = wrapper.cfbundle; includeInIndex = 0; path = ProyectoFinalTests.xctest; sourceTree = BUILT_PRODUCTS_DIR; };
		FB9158031ADDC614009D0CD7 /* Info.plist */ = {isa = PBXFileReference; lastKnownFileType = text.plist.xml; path = Info.plist; sourceTree = "<group>"; };
		FB9158041ADDC614009D0CD7 /* ProyectoFinalTests.m */ = {isa = PBXFileReference; lastKnownFileType = sourcecode.c.objc; path = ProyectoFinalTests.m; sourceTree = "<group>"; };
		FB91580E1ADDC73B009D0CD7 /* JugarViewController.m */ = {isa = PBXFileReference; fileEncoding = 4; lastKnownFileType = sourcecode.c.objc; path = JugarViewController.m; sourceTree = "<group>"; };
		FB9158101ADDC74C009D0CD7 /* Property List.plist */ = {isa = PBXFileReference; fileEncoding = 4; lastKnownFileType = text.plist.xml; name = "Property List.plist"; path = "ProyectoFinal/Property List.plist"; sourceTree = "<group>"; };
		FB9158121ADDC74C009D0CD7 /* ProyectoFinal.xcdatamodel */ = {isa = PBXFileReference; lastKnownFileType = wrapper.xcdatamodel; path = ProyectoFinal.xcdatamodel; sourceTree = "<group>"; };
		FB9158151ADDC7BE009D0CD7 /* JugarViewController.h */ = {isa = PBXFileReference; fileEncoding = 4; lastKnownFileType = sourcecode.c.h; path = JugarViewController.h; sourceTree = "<group>"; };
/* End PBXFileReference section */

/* Begin PBXFrameworksBuildPhase section */
		FB9157E21ADDC614009D0CD7 /* Frameworks */ = {
			isa = PBXFrameworksBuildPhase;
			buildActionMask = 2147483647;
			files = (
			);
			runOnlyForDeploymentPostprocessing = 0;
		};
		FB9157FB1ADDC614009D0CD7 /* Frameworks */ = {
			isa = PBXFrameworksBuildPhase;
			buildActionMask = 2147483647;
			files = (
			);
			runOnlyForDeploymentPostprocessing = 0;
		};
/* End PBXFrameworksBuildPhase section */

/* Begin PBXGroup section */
		FB9157DC1ADDC614009D0CD7 = {
			isa = PBXGroup;
			children = (
				FB9158101ADDC74C009D0CD7 /* Property List.plist */,
				FB9157E71ADDC614009D0CD7 /* ProyectoFinal */,
				FB9158011ADDC614009D0CD7 /* ProyectoFinalTests */,
				FB9157E61ADDC614009D0CD7 /* Products */,
			);
			sourceTree = "<group>";
		};
		FB9157E61ADDC614009D0CD7 /* Products */ = {
			isa = PBXGroup;
			children = (
				FB9157E51ADDC614009D0CD7 /* ProyectoFinal.app */,
				FB9157FE1ADDC614009D0CD7 /* ProyectoFinalTests.xctest */,
			);
			name = Products;
			sourceTree = "<group>";
		};
		FB9157E71ADDC614009D0CD7 /* ProyectoFinal */ = {
			isa = PBXGroup;
			children = (
				FB9157EC1ADDC614009D0CD7 /* AppDelegate.h */,
				FB9157ED1ADDC614009D0CD7 /* AppDelegate.m */,
				FB9157EF1ADDC614009D0CD7 /* ViewController.h */,
				FB9157F01ADDC614009D0CD7 /* ViewController.m */,
				FB9158151ADDC7BE009D0CD7 /* JugarViewController.h */,
				FB91580E1ADDC73B009D0CD7 /* JugarViewController.m */,
				FB9157F21ADDC614009D0CD7 /* Main.storyboard */,
				FB9157F51ADDC614009D0CD7 /* Images.xcassets */,
				FB9157F71ADDC614009D0CD7 /* LaunchScreen.xib */,
				FB9158111ADDC74C009D0CD7 /* ProyectoFinal.xcdatamodeld */,
				FB9157E81ADDC614009D0CD7 /* Supporting Files */,
			);
			path = ProyectoFinal;
			sourceTree = "<group>";
		};
		FB9157E81ADDC614009D0CD7 /* Supporting Files */ = {
			isa = PBXGroup;
			children = (
				FB9157E91ADDC614009D0CD7 /* Info.plist */,
				FB9157EA1ADDC614009D0CD7 /* main.m */,
			);
			name = "Supporting Files";
			sourceTree = "<group>";
		};
		FB9158011ADDC614009D0CD7 /* ProyectoFinalTests */ = {
			isa = PBXGroup;
			children = (
				FB9158041ADDC614009D0CD7 /* ProyectoFinalTests.m */,
				FB9158021ADDC614009D0CD7 /* Supporting Files */,
			);
			path = ProyectoFinalTests;
			sourceTree = "<group>";
		};
		FB9158021ADDC614009D0CD7 /* Supporting Files */ = {
			isa = PBXGroup;
			children = (
				FB9158031ADDC614009D0CD7 /* Info.plist */,
			);
			name = "Supporting Files";
			sourceTree = "<group>";
		};
/* End PBXGroup section */

/* Begin PBXNativeTarget section */
		FB9157E41ADDC614009D0CD7 /* ProyectoFinal */ = {
			isa = PBXNativeTarget;
			buildConfigurationList = FB9158081ADDC614009D0CD7 /* Build configuration list for PBXNativeTarget "ProyectoFinal" */;
			buildPhases = (
				FB9157E11ADDC614009D0CD7 /* Sources */,
				FB9157E21ADDC614009D0CD7 /* Frameworks */,
				FB9157E31ADDC614009D0CD7 /* Resources */,
			);
			buildRules = (
			);
			dependencies = (
			);
			name = ProyectoFinal;
			productName = ProyectoFinal;
			productReference = FB9157E51ADDC614009D0CD7 /* ProyectoFinal.app */;
			productType = "com.apple.product-type.application";
		};
		FB9157FD1ADDC614009D0CD7 /* ProyectoFinalTests */ = {
			isa = PBXNativeTarget;
			buildConfigurationList = FB91580B1ADDC614009D0CD7 /* Build configuration list for PBXNativeTarget "ProyectoFinalTests" */;
			buildPhases = (
				FB9157FA1ADDC614009D0CD7 /* Sources */,
				FB9157FB1ADDC614009D0CD7 /* Frameworks */,
				FB9157FC1ADDC614009D0CD7 /* Resources */,
			);
			buildRules = (
			);
			dependencies = (
				FB9158001ADDC614009D0CD7 /* PBXTargetDependency */,
			);
			name = ProyectoFinalTests;
			productName = ProyectoFinalTests;
			productReference = FB9157FE1ADDC614009D0CD7 /* ProyectoFinalTests.xctest */;
			productType = "com.apple.product-type.bundle.unit-test";
		};
/* End PBXNativeTarget section */

/* Begin PBXProject section */
		FB9157DD1ADDC614009D0CD7 /* Project object */ = {
			isa = PBXProject;
			attributes = {
				LastUpgradeCheck = 0610;
				ORGANIZATIONNAME = ITESM;
				TargetAttributes = {
					FB9157E41ADDC614009D0CD7 = {
						CreatedOnToolsVersion = 6.1.1;
					};
					FB9157FD1ADDC614009D0CD7 = {
						CreatedOnToolsVersion = 6.1.1;
						TestTargetID = FB9157E41ADDC614009D0CD7;
					};
				};
			};
			buildConfigurationList = FB9157E01ADDC614009D0CD7 /* Build configuration list for PBXProject "ProyectoFinal" */;
			compatibilityVersion = "Xcode 3.2";
			developmentRegion = English;
			hasScannedForEncodings = 0;
			knownRegions = (
				en,
				Base,
			);
			mainGroup = FB9157DC1ADDC614009D0CD7;
			productRefGroup = FB9157E61ADDC614009D0CD7 /* Products */;
			projectDirPath = "";
			projectRoot = "";
			targets = (
				FB9157E41ADDC614009D0CD7 /* ProyectoFinal */,
				FB9157FD1ADDC614009D0CD7 /* ProyectoFinalTests */,
			);
		};
/* End PBXProject section */

/* Begin PBXResourcesBuildPhase section */
		FB9157E31ADDC614009D0CD7 /* Resources */ = {
			isa = PBXResourcesBuildPhase;
			buildActionMask = 2147483647;
			files = (
				FB9157F41ADDC614009D0CD7 /* Main.storyboard in Resources */,
				FB9157F91ADDC614009D0CD7 /* LaunchScreen.xib in Resources */,
				FB9158131ADDC74C009D0CD7 /* Property List.plist in Resources */,
				FB9157F61ADDC614009D0CD7 /* Images.xcassets in Resources */,
			);
			runOnlyForDeploymentPostprocessing = 0;
		};
		FB9157FC1ADDC614009D0CD7 /* Resources */ = {
			isa = PBXResourcesBuildPhase;
			buildActionMask = 2147483647;
			files = (
			);
			runOnlyForDeploymentPostprocessing = 0;
		};
/* End PBXResourcesBuildPhase section */

/* Begin PBXSourcesBuildPhase section */
		FB9157E11ADDC614009D0CD7 /* Sources */ = {
			isa = PBXSourcesBuildPhase;
			buildActionMask = 2147483647;
			files = (
				FB91580F1ADDC73B009D0CD7 /* JugarViewController.m in Sources */,
				FB9158141ADDC74C009D0CD7 /* ProyectoFinal.xcdatamodeld in Sources */,
				FB9157F11ADDC614009D0CD7 /* ViewController.m in Sources */,
				FB9157EE1ADDC614009D0CD7 /* AppDelegate.m in Sources */,
				FB9157EB1ADDC614009D0CD7 /* main.m in Sources */,
			);
			runOnlyForDeploymentPostprocessing = 0;
		};
		FB9157FA1ADDC614009D0CD7 /* Sources */ = {
			isa = PBXSourcesBuildPhase;
			buildActionMask = 2147483647;
			files = (
				FB9158051ADDC614009D0CD7 /* ProyectoFinalTests.m in Sources */,
			);
			runOnlyForDeploymentPostprocessing = 0;
		};
/* End PBXSourcesBuildPhase section */

/* Begin PBXTargetDependency section */
		FB9158001ADDC614009D0CD7 /* PBXTargetDependency */ = {
			isa = PBXTargetDependency;
			target = FB9157E41ADDC614009D0CD7 /* ProyectoFinal */;
			targetProxy = FB9157FF1ADDC614009D0CD7 /* PBXContainerItemProxy */;
		};
/* End PBXTargetDependency section */

/* Begin PBXVariantGroup section */
		FB9157F21ADDC614009D0CD7 /* Main.storyboard */ = {
			isa = PBXVariantGroup;
			children = (
				FB9157F31ADDC614009D0CD7 /* Base */,
			);
			name = Main.storyboard;
			sourceTree = "<group>";
		};
		FB9157F71ADDC614009D0CD7 /* LaunchScreen.xib */ = {
			isa = PBXVariantGroup;
			children = (
				FB9157F81ADDC614009D0CD7 /* Base */,
			);
			name = LaunchScreen.xib;
			sourceTree = "<group>";
		};
/* End PBXVariantGroup section */

/* Begin XCBuildConfiguration section */
		FB9158061ADDC614009D0CD7 /* Debug */ = {
			isa = XCBuildConfiguration;
			buildSettings = {
				ALWAYS_SEARCH_USER_PATHS = NO;
				CLANG_CXX_LANGUAGE_STANDARD = "gnu++0x";
				CLANG_CXX_LIBRARY = "libc++";
				CLANG_ENABLE_MODULES = YES;
				CLANG_ENABLE_OBJC_ARC = YES;
				CLANG_WARN_BOOL_CONVERSION = YES;
				CLANG_WARN_CONSTANT_CONVERSION = YES;
				CLANG_WARN_DIRECT_OBJC_ISA_USAGE = YES_ERROR;
				CLANG_WARN_EMPTY_BODY = YES;
				CLANG_WARN_ENUM_CONVERSION = YES;
				CLANG_WARN_INT_CONVERSION = YES;
				CLANG_WARN_OBJC_ROOT_CLASS = YES_ERROR;
				CLANG_WARN_UNREACHABLE_CODE = YES;
				CLANG_WARN__DUPLICATE_METHOD_MATCH = YES;
				"CODE_SIGN_IDENTITY[sdk=iphoneos*]" = "iPhone Developer";
				COPY_PHASE_STRIP = NO;
				ENABLE_STRICT_OBJC_MSGSEND = YES;
				GCC_C_LANGUAGE_STANDARD = gnu99;
				GCC_DYNAMIC_NO_PIC = NO;
				GCC_OPTIMIZATION_LEVEL = 0;
				GCC_PREPROCESSOR_DEFINITIONS = (
					"DEBUG=1",
					"$(inherited)",
				);
				GCC_SYMBOLS_PRIVATE_EXTERN = NO;
				GCC_WARN_64_TO_32_BIT_CONVERSION = YES;
				GCC_WARN_ABOUT_RETURN_TYPE = YES_ERROR;
				GCC_WARN_UNDECLARED_SELECTOR = YES;
				GCC_WARN_UNINITIALIZED_AUTOS = YES_AGGRESSIVE;
				GCC_WARN_UNUSED_FUNCTION = YES;
				GCC_WARN_UNUSED_VARIABLE = YES;
				IPHONEOS_DEPLOYMENT_TARGET = 8.1;
				MTL_ENABLE_DEBUG_INFO = YES;
				ONLY_ACTIVE_ARCH = YES;
				SDKROOT = iphoneos;
			};
			name = Debug;
		};
		FB9158071ADDC614009D0CD7 /* Release */ = {
			isa = XCBuildConfiguration;
			buildSettings = {
				ALWAYS_SEARCH_USER_PATHS = NO;
				CLANG_CXX_LANGUAGE_STANDARD = "gnu++0x";
				CLANG_CXX_LIBRARY = "libc++";
				CLANG_ENABLE_MODULES = YES;
				CLANG_ENABLE_OBJC_ARC = YES;
				CLANG_WARN_BOOL_CONVERSION = YES;
				CLANG_WARN_CONSTANT_CONVERSION = YES;
				CLANG_WARN_DIRECT_OBJC_ISA_USAGE = YES_ERROR;
				CLANG_WARN_EMPTY_BODY = YES;
				CLANG_WARN_ENUM_CONVERSION = YES;
				CLANG_WARN_INT_CONVERSION = YES;
				CLANG_WARN_OBJC_ROOT_CLASS = YES_ERROR;
				CLANG_WARN_UNREACHABLE_CODE = YES;
				CLANG_WARN__DUPLICATE_METHOD_MATCH = YES;
				"CODE_SIGN_IDENTITY[sdk=iphoneos*]" = "iPhone Developer";
				COPY_PHASE_STRIP = YES;
				ENABLE_NS_ASSERTIONS = NO;
				ENABLE_STRICT_OBJC_MSGSEND = YES;
				GCC_C_LANGUAGE_STANDARD = gnu99;
				GCC_WARN_64_TO_32_BIT_CONVERSION = YES;
				GCC_WARN_ABOUT_RETURN_TYPE = YES_ERROR;
				GCC_WARN_UNDECLARED_SELECTOR = YES;
				GCC_WARN_UNINITIALIZED_AUTOS = YES_AGGRESSIVE;
				GCC_WARN_UNUSED_FUNCTION = YES;
				GCC_WARN_UNUSED_VARIABLE = YES;
				IPHONEOS_DEPLOYMENT_TARGET = 8.1;
				MTL_ENABLE_DEBUG_INFO = NO;
				SDKROOT = iphoneos;
				VALIDATE_PRODUCT = YES;
			};
			name = Release;
		};
		FB9158091ADDC614009D0CD7 /* Debug */ = {
			isa = XCBuildConfiguration;
			buildSettings = {
				ASSETCATALOG_COMPILER_APPICON_NAME = AppIcon;
				INFOPLIST_FILE = ProyectoFinal/Info.plist;
				IPHONEOS_DEPLOYMENT_TARGET = 8.0;
				LD_RUNPATH_SEARCH_PATHS = "$(inherited) @executable_path/Frameworks";
				PRODUCT_NAME = "$(TARGET_NAME)";
			};
			name = Debug;
		};
		FB91580A1ADDC614009D0CD7 /* Release */ = {
			isa = XCBuildConfiguration;
			buildSettings = {
				ASSETCATALOG_COMPILER_APPICON_NAME = AppIcon;
				INFOPLIST_FILE = ProyectoFinal/Info.plist;
				IPHONEOS_DEPLOYMENT_TARGET = 8.0;
				LD_RUNPATH_SEARCH_PATHS = "$(inherited) @executable_path/Frameworks";
				PRODUCT_NAME = "$(TARGET_NAME)";
			};
			name = Release;
		};
		FB91580C1ADDC614009D0CD7 /* Debug */ = {
			isa = XCBuildConfiguration;
			buildSettings = {
				BUNDLE_LOADER = "$(TEST_HOST)";
				FRAMEWORK_SEARCH_PATHS = (
					"$(SDKROOT)/Developer/Library/Frameworks",
					"$(inherited)",
				);
				GCC_PREPROCESSOR_DEFINITIONS = (
					"DEBUG=1",
					"$(inherited)",
				);
				INFOPLIST_FILE = ProyectoFinalTests/Info.plist;
				LD_RUNPATH_SEARCH_PATHS = "$(inherited) @executable_path/Frameworks @loader_path/Frameworks";
				PRODUCT_NAME = "$(TARGET_NAME)";
				TEST_HOST = "$(BUILT_PRODUCTS_DIR)/ProyectoFinal.app/ProyectoFinal";
			};
			name = Debug;
		};
		FB91580D1ADDC614009D0CD7 /* Release */ = {
			isa = XCBuildConfiguration;
			buildSettings = {
				BUNDLE_LOADER = "$(TEST_HOST)";
				FRAMEWORK_SEARCH_PATHS = (
					"$(SDKROOT)/Developer/Library/Frameworks",
					"$(inherited)",
				);
				INFOPLIST_FILE = ProyectoFinalTests/Info.plist;
				LD_RUNPATH_SEARCH_PATHS = "$(inherited) @executable_path/Frameworks @loader_path/Frameworks";
				PRODUCT_NAME = "$(TARGET_NAME)";
				TEST_HOST = "$(BUILT_PRODUCTS_DIR)/ProyectoFinal.app/ProyectoFinal";
			};
			name = Release;
		};
/* End XCBuildConfiguration section */

/* Begin XCConfigurationList section */
		FB9157E01ADDC614009D0CD7 /* Build configuration list for PBXProject "ProyectoFinal" */ = {
			isa = XCConfigurationList;
			buildConfigurations = (
				FB9158061ADDC614009D0CD7 /* Debug */,
				FB9158071ADDC614009D0CD7 /* Release */,
			);
			defaultConfigurationIsVisible = 0;
			defaultConfigurationName = Release;
		};
		FB9158081ADDC614009D0CD7 /* Build configuration list for PBXNativeTarget "ProyectoFinal" */ = {
			isa = XCConfigurationList;
			buildConfigurations = (
				FB9158091ADDC614009D0CD7 /* Debug */,
				FB91580A1ADDC614009D0CD7 /* Release */,
			);
			defaultConfigurationIsVisible = 0;
			defaultConfigurationName = Release;
		};
		FB91580B1ADDC614009D0CD7 /* Build configuration list for PBXNativeTarget "ProyectoFinalTests" */ = {
			isa = XCConfigurationList;
			buildConfigurations = (
				FB91580C1ADDC614009D0CD7 /* Debug */,
				FB91580D1ADDC614009D0CD7 /* Release */,
			);
			defaultConfigurationIsVisible = 0;
			defaultConfigurationName = Release;
		};
/* End XCConfigurationList section */

/* Begin XCVersionGroup section */
		FB9158111ADDC74C009D0CD7 /* ProyectoFinal.xcdatamodeld */ = {
			isa = XCVersionGroup;
			children = (
				FB9158121ADDC74C009D0CD7 /* ProyectoFinal.xcdatamodel */,
			);
			currentVersion = FB9158121ADDC74C009D0CD7 /* ProyectoFinal.xcdatamodel */;
			path = ProyectoFinal.xcdatamodeld;
			sourceTree = "<group>";
			versionGroupType = wrapper.xcdatamodel;
		};
/* End XCVersionGroup section */
	};
	rootObject = FB9157DD1ADDC614009D0CD7 /* Project object */;
}
