// !$*UTF8*$!
{
	archiveVersion = 1;
	classes = {
	};
	objectVersion = 46;
	objects = {

/* Begin PBXBuildFile section */
		62C7A4D01AC3CA3A002CF19E /* main.m in Sources */ = {isa = PBXBuildFile; fileRef = 62C7A4CF1AC3CA3A002CF19E /* main.m */; };
		62C7A4D31AC3CA3A002CF19E /* AppDelegate.m in Sources */ = {isa = PBXBuildFile; fileRef = 62C7A4D21AC3CA3A002CF19E /* AppDelegate.m */; };
		62C7A4D61AC3CA3A002CF19E /* ViewController.m in Sources */ = {isa = PBXBuildFile; fileRef = 62C7A4D51AC3CA3A002CF19E /* ViewController.m */; };
		62C7A4D91AC3CA3A002CF19E /* Main.storyboard in Resources */ = {isa = PBXBuildFile; fileRef = 62C7A4D71AC3CA3A002CF19E /* Main.storyboard */; };
		62C7A4DB1AC3CA3A002CF19E /* Images.xcassets in Resources */ = {isa = PBXBuildFile; fileRef = 62C7A4DA1AC3CA3A002CF19E /* Images.xcassets */; };
		62C7A4DE1AC3CA3A002CF19E /* LaunchScreen.xib in Resources */ = {isa = PBXBuildFile; fileRef = 62C7A4DC1AC3CA3A002CF19E /* LaunchScreen.xib */; };
		62C7A4EA1AC3CA3A002CF19E /* ProyectoIosTests.m in Sources */ = {isa = PBXBuildFile; fileRef = 62C7A4E91AC3CA3A002CF19E /* ProyectoIosTests.m */; };
/* End PBXBuildFile section */

/* Begin PBXContainerItemProxy section */
		62C7A4E41AC3CA3A002CF19E /* PBXContainerItemProxy */ = {
			isa = PBXContainerItemProxy;
			containerPortal = 62C7A4C21AC3CA3A002CF19E /* Project object */;
			proxyType = 1;
			remoteGlobalIDString = 62C7A4C91AC3CA3A002CF19E;
			remoteInfo = ProyectoIos;
		};
/* End PBXContainerItemProxy section */

/* Begin PBXFileReference section */
		62C7A4CA1AC3CA3A002CF19E /* ProyectoIos.app */ = {isa = PBXFileReference; explicitFileType = wrapper.application; includeInIndex = 0; path = ProyectoIos.app; sourceTree = BUILT_PRODUCTS_DIR; };
		62C7A4CE1AC3CA3A002CF19E /* Info.plist */ = {isa = PBXFileReference; lastKnownFileType = text.plist.xml; path = Info.plist; sourceTree = "<group>"; };
		62C7A4CF1AC3CA3A002CF19E /* main.m */ = {isa = PBXFileReference; lastKnownFileType = sourcecode.c.objc; path = main.m; sourceTree = "<group>"; };
		62C7A4D11AC3CA3A002CF19E /* AppDelegate.h */ = {isa = PBXFileReference; lastKnownFileType = sourcecode.c.h; path = AppDelegate.h; sourceTree = "<group>"; };
		62C7A4D21AC3CA3A002CF19E /* AppDelegate.m */ = {isa = PBXFileReference; lastKnownFileType = sourcecode.c.objc; path = AppDelegate.m; sourceTree = "<group>"; };
		62C7A4D41AC3CA3A002CF19E /* ViewController.h */ = {isa = PBXFileReference; lastKnownFileType = sourcecode.c.h; path = ViewController.h; sourceTree = "<group>"; };
		62C7A4D51AC3CA3A002CF19E /* ViewController.m */ = {isa = PBXFileReference; lastKnownFileType = sourcecode.c.objc; path = ViewController.m; sourceTree = "<group>"; };
		62C7A4D81AC3CA3A002CF19E /* Base */ = {isa = PBXFileReference; lastKnownFileType = file.storyboard; name = Base; path = Base.lproj/Main.storyboard; sourceTree = "<group>"; };
		62C7A4DA1AC3CA3A002CF19E /* Images.xcassets */ = {isa = PBXFileReference; lastKnownFileType = folder.assetcatalog; path = Images.xcassets; sourceTree = "<group>"; };
		62C7A4DD1AC3CA3A002CF19E /* Base */ = {isa = PBXFileReference; lastKnownFileType = file.xib; name = Base; path = Base.lproj/LaunchScreen.xib; sourceTree = "<group>"; };
		62C7A4E31AC3CA3A002CF19E /* ProyectoIosTests.xctest */ = {isa = PBXFileReference; explicitFileType = wrapper.cfbundle; includeInIndex = 0; path = ProyectoIosTests.xctest; sourceTree = BUILT_PRODUCTS_DIR; };
		62C7A4E81AC3CA3A002CF19E /* Info.plist */ = {isa = PBXFileReference; lastKnownFileType = text.plist.xml; path = Info.plist; sourceTree = "<group>"; };
		62C7A4E91AC3CA3A002CF19E /* ProyectoIosTests.m */ = {isa = PBXFileReference; lastKnownFileType = sourcecode.c.objc; path = ProyectoIosTests.m; sourceTree = "<group>"; };
/* End PBXFileReference section */

/* Begin PBXFrameworksBuildPhase section */
		62C7A4C71AC3CA3A002CF19E /* Frameworks */ = {
			isa = PBXFrameworksBuildPhase;
			buildActionMask = 2147483647;
			files = (
			);
			runOnlyForDeploymentPostprocessing = 0;
		};
		62C7A4E01AC3CA3A002CF19E /* Frameworks */ = {
			isa = PBXFrameworksBuildPhase;
			buildActionMask = 2147483647;
			files = (
			);
			runOnlyForDeploymentPostprocessing = 0;
		};
/* End PBXFrameworksBuildPhase section */

/* Begin PBXGroup section */
		62C7A4C11AC3CA3A002CF19E = {
			isa = PBXGroup;
			children = (
				62C7A4CC1AC3CA3A002CF19E /* ProyectoIos */,
				62C7A4E61AC3CA3A002CF19E /* ProyectoIosTests */,
				62C7A4CB1AC3CA3A002CF19E /* Products */,
			);
			sourceTree = "<group>";
		};
		62C7A4CB1AC3CA3A002CF19E /* Products */ = {
			isa = PBXGroup;
			children = (
				62C7A4CA1AC3CA3A002CF19E /* ProyectoIos.app */,
				62C7A4E31AC3CA3A002CF19E /* ProyectoIosTests.xctest */,
			);
			name = Products;
			sourceTree = "<group>";
		};
		62C7A4CC1AC3CA3A002CF19E /* ProyectoIos */ = {
			isa = PBXGroup;
			children = (
				62C7A4D11AC3CA3A002CF19E /* AppDelegate.h */,
				62C7A4D21AC3CA3A002CF19E /* AppDelegate.m */,
				62C7A4D41AC3CA3A002CF19E /* ViewController.h */,
				62C7A4D51AC3CA3A002CF19E /* ViewController.m */,
				62C7A4D71AC3CA3A002CF19E /* Main.storyboard */,
				62C7A4DA1AC3CA3A002CF19E /* Images.xcassets */,
				62C7A4DC1AC3CA3A002CF19E /* LaunchScreen.xib */,
				62C7A4CD1AC3CA3A002CF19E /* Supporting Files */,
			);
			path = ProyectoIos;
			sourceTree = "<group>";
		};
		62C7A4CD1AC3CA3A002CF19E /* Supporting Files */ = {
			isa = PBXGroup;
			children = (
				62C7A4CE1AC3CA3A002CF19E /* Info.plist */,
				62C7A4CF1AC3CA3A002CF19E /* main.m */,
			);
			name = "Supporting Files";
			sourceTree = "<group>";
		};
		62C7A4E61AC3CA3A002CF19E /* ProyectoIosTests */ = {
			isa = PBXGroup;
			children = (
				62C7A4E91AC3CA3A002CF19E /* ProyectoIosTests.m */,
				62C7A4E71AC3CA3A002CF19E /* Supporting Files */,
			);
			path = ProyectoIosTests;
			sourceTree = "<group>";
		};
		62C7A4E71AC3CA3A002CF19E /* Supporting Files */ = {
			isa = PBXGroup;
			children = (
				62C7A4E81AC3CA3A002CF19E /* Info.plist */,
			);
			name = "Supporting Files";
			sourceTree = "<group>";
		};
/* End PBXGroup section */

/* Begin PBXNativeTarget section */
		62C7A4C91AC3CA3A002CF19E /* ProyectoIos */ = {
			isa = PBXNativeTarget;
			buildConfigurationList = 62C7A4ED1AC3CA3A002CF19E /* Build configuration list for PBXNativeTarget "ProyectoIos" */;
			buildPhases = (
				62C7A4C61AC3CA3A002CF19E /* Sources */,
				62C7A4C71AC3CA3A002CF19E /* Frameworks */,
				62C7A4C81AC3CA3A002CF19E /* Resources */,
			);
			buildRules = (
			);
			dependencies = (
			);
			name = ProyectoIos;
			productName = ProyectoIos;
			productReference = 62C7A4CA1AC3CA3A002CF19E /* ProyectoIos.app */;
			productType = "com.apple.product-type.application";
		};
		62C7A4E21AC3CA3A002CF19E /* ProyectoIosTests */ = {
			isa = PBXNativeTarget;
			buildConfigurationList = 62C7A4F01AC3CA3A002CF19E /* Build configuration list for PBXNativeTarget "ProyectoIosTests" */;
			buildPhases = (
				62C7A4DF1AC3CA3A002CF19E /* Sources */,
				62C7A4E01AC3CA3A002CF19E /* Frameworks */,
				62C7A4E11AC3CA3A002CF19E /* Resources */,
			);
			buildRules = (
			);
			dependencies = (
				62C7A4E51AC3CA3A002CF19E /* PBXTargetDependency */,
			);
			name = ProyectoIosTests;
			productName = ProyectoIosTests;
			productReference = 62C7A4E31AC3CA3A002CF19E /* ProyectoIosTests.xctest */;
			productType = "com.apple.product-type.bundle.unit-test";
		};
/* End PBXNativeTarget section */

/* Begin PBXProject section */
		62C7A4C21AC3CA3A002CF19E /* Project object */ = {
			isa = PBXProject;
			attributes = {
				LastUpgradeCheck = 0610;
				ORGANIZATIONNAME = "Roberto Ildefonso Ruiz";
				TargetAttributes = {
					62C7A4C91AC3CA3A002CF19E = {
						CreatedOnToolsVersion = 6.1.1;
					};
					62C7A4E21AC3CA3A002CF19E = {
						CreatedOnToolsVersion = 6.1.1;
						TestTargetID = 62C7A4C91AC3CA3A002CF19E;
					};
				};
			};
			buildConfigurationList = 62C7A4C51AC3CA3A002CF19E /* Build configuration list for PBXProject "ProyectoIos" */;
			compatibilityVersion = "Xcode 3.2";
			developmentRegion = English;
			hasScannedForEncodings = 0;
			knownRegions = (
				en,
				Base,
			);
			mainGroup = 62C7A4C11AC3CA3A002CF19E;
			productRefGroup = 62C7A4CB1AC3CA3A002CF19E /* Products */;
			projectDirPath = "";
			projectRoot = "";
			targets = (
				62C7A4C91AC3CA3A002CF19E /* ProyectoIos */,
				62C7A4E21AC3CA3A002CF19E /* ProyectoIosTests */,
			);
		};
/* End PBXProject section */

/* Begin PBXResourcesBuildPhase section */
		62C7A4C81AC3CA3A002CF19E /* Resources */ = {
			isa = PBXResourcesBuildPhase;
			buildActionMask = 2147483647;
			files = (
				62C7A4D91AC3CA3A002CF19E /* Main.storyboard in Resources */,
				62C7A4DE1AC3CA3A002CF19E /* LaunchScreen.xib in Resources */,
				62C7A4DB1AC3CA3A002CF19E /* Images.xcassets in Resources */,
			);
			runOnlyForDeploymentPostprocessing = 0;
		};
		62C7A4E11AC3CA3A002CF19E /* Resources */ = {
			isa = PBXResourcesBuildPhase;
			buildActionMask = 2147483647;
			files = (
			);
			runOnlyForDeploymentPostprocessing = 0;
		};
/* End PBXResourcesBuildPhase section */

/* Begin PBXSourcesBuildPhase section */
		62C7A4C61AC3CA3A002CF19E /* Sources */ = {
			isa = PBXSourcesBuildPhase;
			buildActionMask = 2147483647;
			files = (
				62C7A4D61AC3CA3A002CF19E /* ViewController.m in Sources */,
				62C7A4D31AC3CA3A002CF19E /* AppDelegate.m in Sources */,
				62C7A4D01AC3CA3A002CF19E /* main.m in Sources */,
			);
			runOnlyForDeploymentPostprocessing = 0;
		};
		62C7A4DF1AC3CA3A002CF19E /* Sources */ = {
			isa = PBXSourcesBuildPhase;
			buildActionMask = 2147483647;
			files = (
				62C7A4EA1AC3CA3A002CF19E /* ProyectoIosTests.m in Sources */,
			);
			runOnlyForDeploymentPostprocessing = 0;
		};
/* End PBXSourcesBuildPhase section */

/* Begin PBXTargetDependency section */
		62C7A4E51AC3CA3A002CF19E /* PBXTargetDependency */ = {
			isa = PBXTargetDependency;
			target = 62C7A4C91AC3CA3A002CF19E /* ProyectoIos */;
			targetProxy = 62C7A4E41AC3CA3A002CF19E /* PBXContainerItemProxy */;
		};
/* End PBXTargetDependency section */

/* Begin PBXVariantGroup section */
		62C7A4D71AC3CA3A002CF19E /* Main.storyboard */ = {
			isa = PBXVariantGroup;
			children = (
				62C7A4D81AC3CA3A002CF19E /* Base */,
			);
			name = Main.storyboard;
			sourceTree = "<group>";
		};
		62C7A4DC1AC3CA3A002CF19E /* LaunchScreen.xib */ = {
			isa = PBXVariantGroup;
			children = (
				62C7A4DD1AC3CA3A002CF19E /* Base */,
			);
			name = LaunchScreen.xib;
			sourceTree = "<group>";
		};
/* End PBXVariantGroup section */

/* Begin XCBuildConfiguration section */
		62C7A4EB1AC3CA3A002CF19E /* Debug */ = {
			isa = XCBuildConfiguration;
			buildSettings = {
				ALWAYS_SEARCH_USER_PATHS = NO;
				CLANG_CXX_LANGUAGE_STANDARD = "gnu++0x";
				CLANG_CXX_LIBRARY = "libc++";
				CLANG_ENABLE_MODULES = YES;
				CLANG_ENABLE_OBJC_ARC = YES;
				CLANG_WARN_BOOL_CONVERSION = YES;
				CLANG_WARN_CONSTANT_CONVERSION = YES;
				CLANG_WARN_DIRECT_OBJC_ISA_USAGE = YES_ERROR;
				CLANG_WARN_EMPTY_BODY = YES;
				CLANG_WARN_ENUM_CONVERSION = YES;
				CLANG_WARN_INT_CONVERSION = YES;
				CLANG_WARN_OBJC_ROOT_CLASS = YES_ERROR;
				CLANG_WARN_UNREACHABLE_CODE = YES;
				CLANG_WARN__DUPLICATE_METHOD_MATCH = YES;
				"CODE_SIGN_IDENTITY[sdk=iphoneos*]" = "iPhone Developer";
				COPY_PHASE_STRIP = NO;
				ENABLE_STRICT_OBJC_MSGSEND = YES;
				GCC_C_LANGUAGE_STANDARD = gnu99;
				GCC_DYNAMIC_NO_PIC = NO;
				GCC_OPTIMIZATION_LEVEL = 0;
				GCC_PREPROCESSOR_DEFINITIONS = (
					"DEBUG=1",
					"$(inherited)",
				);
				GCC_SYMBOLS_PRIVATE_EXTERN = NO;
				GCC_WARN_64_TO_32_BIT_CONVERSION = YES;
				GCC_WARN_ABOUT_RETURN_TYPE = YES_ERROR;
				GCC_WARN_UNDECLARED_SELECTOR = YES;
				GCC_WARN_UNINITIALIZED_AUTOS = YES_AGGRESSIVE;
				GCC_WARN_UNUSED_FUNCTION = YES;
				GCC_WARN_UNUSED_VARIABLE = YES;
				IPHONEOS_DEPLOYMENT_TARGET = 8.1;
				MTL_ENABLE_DEBUG_INFO = YES;
				ONLY_ACTIVE_ARCH = YES;
				SDKROOT = iphoneos;
			};
			name = Debug;
		};
		62C7A4EC1AC3CA3A002CF19E /* Release */ = {
			isa = XCBuildConfiguration;
			buildSettings = {
				ALWAYS_SEARCH_USER_PATHS = NO;
				CLANG_CXX_LANGUAGE_STANDARD = "gnu++0x";
				CLANG_CXX_LIBRARY = "libc++";
				CLANG_ENABLE_MODULES = YES;
				CLANG_ENABLE_OBJC_ARC = YES;
				CLANG_WARN_BOOL_CONVERSION = YES;
				CLANG_WARN_CONSTANT_CONVERSION = YES;
				CLANG_WARN_DIRECT_OBJC_ISA_USAGE = YES_ERROR;
				CLANG_WARN_EMPTY_BODY = YES;
				CLANG_WARN_ENUM_CONVERSION = YES;
				CLANG_WARN_INT_CONVERSION = YES;
				CLANG_WARN_OBJC_ROOT_CLASS = YES_ERROR;
				CLANG_WARN_UNREACHABLE_CODE = YES;
				CLANG_WARN__DUPLICATE_METHOD_MATCH = YES;
				"CODE_SIGN_IDENTITY[sdk=iphoneos*]" = "iPhone Developer";
				COPY_PHASE_STRIP = YES;
				ENABLE_NS_ASSERTIONS = NO;
				ENABLE_STRICT_OBJC_MSGSEND = YES;
				GCC_C_LANGUAGE_STANDARD = gnu99;
				GCC_WARN_64_TO_32_BIT_CONVERSION = YES;
				GCC_WARN_ABOUT_RETURN_TYPE = YES_ERROR;
				GCC_WARN_UNDECLARED_SELECTOR = YES;
				GCC_WARN_UNINITIALIZED_AUTOS = YES_AGGRESSIVE;
				GCC_WARN_UNUSED_FUNCTION = YES;
				GCC_WARN_UNUSED_VARIABLE = YES;
				IPHONEOS_DEPLOYMENT_TARGET = 8.1;
				MTL_ENABLE_DEBUG_INFO = NO;
				SDKROOT = iphoneos;
				VALIDATE_PRODUCT = YES;
			};
			name = Release;
		};
		62C7A4EE1AC3CA3A002CF19E /* Debug */ = {
			isa = XCBuildConfiguration;
			buildSettings = {
				ASSETCATALOG_COMPILER_APPICON_NAME = AppIcon;
				INFOPLIST_FILE = ProyectoIos/Info.plist;
				LD_RUNPATH_SEARCH_PATHS = "$(inherited) @executable_path/Frameworks";
				PRODUCT_NAME = "$(TARGET_NAME)";
			};
			name = Debug;
		};
		62C7A4EF1AC3CA3A002CF19E /* Release */ = {
			isa = XCBuildConfiguration;
			buildSettings = {
				ASSETCATALOG_COMPILER_APPICON_NAME = AppIcon;
				INFOPLIST_FILE = ProyectoIos/Info.plist;
				LD_RUNPATH_SEARCH_PATHS = "$(inherited) @executable_path/Frameworks";
				PRODUCT_NAME = "$(TARGET_NAME)";
			};
			name = Release;
		};
		62C7A4F11AC3CA3A002CF19E /* Debug */ = {
			isa = XCBuildConfiguration;
			buildSettings = {
				BUNDLE_LOADER = "$(TEST_HOST)";
				FRAMEWORK_SEARCH_PATHS = (
					"$(SDKROOT)/Developer/Library/Frameworks",
					"$(inherited)",
				);
				GCC_PREPROCESSOR_DEFINITIONS = (
					"DEBUG=1",
					"$(inherited)",
				);
				INFOPLIST_FILE = ProyectoIosTests/Info.plist;
				LD_RUNPATH_SEARCH_PATHS = "$(inherited) @executable_path/Frameworks @loader_path/Frameworks";
				PRODUCT_NAME = "$(TARGET_NAME)";
				TEST_HOST = "$(BUILT_PRODUCTS_DIR)/ProyectoIos.app/ProyectoIos";
			};
			name = Debug;
		};
		62C7A4F21AC3CA3A002CF19E /* Release */ = {
			isa = XCBuildConfiguration;
			buildSettings = {
				BUNDLE_LOADER = "$(TEST_HOST)";
				FRAMEWORK_SEARCH_PATHS = (
					"$(SDKROOT)/Developer/Library/Frameworks",
					"$(inherited)",
				);
				INFOPLIST_FILE = ProyectoIosTests/Info.plist;
				LD_RUNPATH_SEARCH_PATHS = "$(inherited) @executable_path/Frameworks @loader_path/Frameworks";
				PRODUCT_NAME = "$(TARGET_NAME)";
				TEST_HOST = "$(BUILT_PRODUCTS_DIR)/ProyectoIos.app/ProyectoIos";
			};
			name = Release;
		};
/* End XCBuildConfiguration section */

/* Begin XCConfigurationList section */
		62C7A4C51AC3CA3A002CF19E /* Build configuration list for PBXProject "ProyectoIos" */ = {
			isa = XCConfigurationList;
			buildConfigurations = (
				62C7A4EB1AC3CA3A002CF19E /* Debug */,
				62C7A4EC1AC3CA3A002CF19E /* Release */,
			);
			defaultConfigurationIsVisible = 0;
			defaultConfigurationName = Release;
		};
		62C7A4ED1AC3CA3A002CF19E /* Build configuration list for PBXNativeTarget "ProyectoIos" */ = {
			isa = XCConfigurationList;
			buildConfigurations = (
				62C7A4EE1AC3CA3A002CF19E /* Debug */,
				62C7A4EF1AC3CA3A002CF19E /* Release */,
			);
			defaultConfigurationIsVisible = 0;
		};
		62C7A4F01AC3CA3A002CF19E /* Build configuration list for PBXNativeTarget "ProyectoIosTests" */ = {
			isa = XCConfigurationList;
			buildConfigurations = (
				62C7A4F11AC3CA3A002CF19E /* Debug */,
				62C7A4F21AC3CA3A002CF19E /* Release */,
			);
			defaultConfigurationIsVisible = 0;
		};
/* End XCConfigurationList section */
	};
	rootObject = 62C7A4C21AC3CA3A002CF19E /* Project object */;
}
